schema: '2.0'
stages:
  evaluate:
    cmd: python evaluate.py data
    deps:
    - path: data
      hash: md5
      md5: 1fd151c65a62eaf5db773f2f248159be.dir
      size: 2463141
      nfiles: 8
    - path: evaluate.py
      hash: md5
      md5: d5f1a74e22ad761331dee971abb4c900
      size: 3342
    - path: predict.py
      hash: md5
      md5: 455704cfdabb4cd11a8fc324122eb776
      size: 1766
    - path: services
      hash: md5
      md5: be73445e5a9efacd7229002ecca80359.dir
      size: 15709
      nfiles: 6
    outs:
    - path: evaluation/orientation_confusion_matrix.png
      hash: md5
      md5: cc55f2f67fa49d456ebed948f03304d5
      size: 19921
    - path: evaluation/performance.json
      hash: md5
      md5: a75b35d46210c0d3ffe100c58bcbc7cf
      size: 515
